Microsoft Visual Studio Solution File, Format Version 12.00
# Visual Studio Version 17
VisualStudioVersion = 17.5.2.0
MinimumVisualStudioVersion = 10.0.40219.1
Project("{FAE04EC0-301F-11D3-BF4B-00C04F79EFBC}") = "JellyTrack.Plugin", "JellyTrack.Plugin\JellyTrack.Plugin.csproj", "{B6CB7237-4F22-E3AC-0001-E3D8AAB841A5}"
EndProject
Project("{FAE04EC0-301F-11D3-BF4B-00C04F79EFBC}") = "JellyTrack.Plugin.Tests", "JellyTrack.Plugin.Tests\JellyTrack.Plugin.Tests.csproj", "{1DE61C5D-F982-4F7D-8C2F-77C3ACB7C2B3}"
EndProject
Global
	GlobalSection(SolutionConfigurationPlatforms) = preSolution
		Debug|Any CPU = Debug|Any CPU
		Release|Any CPU = Release|Any CPU
	EndGlobalSection
	GlobalSection(ProjectConfigurationPlatforms) = postSolution
		{B6CB7237-4F22-E3AC-0001-E3D8AAB841A5}.Debug|Any CPU.ActiveCfg = Debug|Any CPU
		{B6CB7237-4F22-E3AC-0001-E3D8AAB841A5}.Debug|Any CPU.Build.0 = Debug|Any CPU
		{B6CB7237-4F22-E3AC-0001-E3D8AAB841A5}.Release|Any CPU.ActiveCfg = Release|Any CPU
		{B6CB7237-4F22-E3AC-0001-E3D8AAB841A5}.Release|Any CPU.Build.0 = Release|Any CPU
		{1DE61C5D-F982-4F7D-8C2F-77C3ACB7C2B3}.Debug|Any CPU.ActiveCfg = Debug|Any CPU
		{1DE61C5D-F982-4F7D-8C2F-77C3ACB7C2B3}.Debug|Any CPU.Build.0 = Debug|Any CPU
		{1DE61C5D-F982-4F7D-8C2F-77C3ACB7C2B3}.Release|Any CPU.ActiveCfg = Release|Any CPU
		{1DE61C5D-F982-4F7D-8C2F-77C3ACB7C2B3}.Release|Any CPU.Build.0 = Release|Any CPU
	EndGlobalSection
	GlobalSection(SolutionProperties) = preSolution
		HideSolutionNode = FALSE
	EndGlobalSection
	GlobalSection(ExtensibilityGlobals) = postSolution
		SolutionGuid = {A62409DF-BFDF-4DE7-B538-18ACEAF9535E}
	EndGlobalSection
EndGlobal
